
Microsoft Visual Studio Solution File, Format Version 12.00
# Visual Studio Version 17
VisualStudioVersion = 17.0.31903.59
MinimumVisualStudioVersion = 10.0.40219.1
Project("{FAE04EC0-301F-11D3-BF4B-00C04F79EFBC}") = "Datacenter.Domain", "Datacenter.Domain\Datacenter.Domain.csproj", "{403C23B7-C840-4640-8947-D01CEDE6FC81}"
EndProject
Project("{FAE04EC0-301F-11D3-BF4B-00C04F79EFBC}") = "Datacenter.Application", "Datacenter.Application\Datacenter.Application.csproj", "{4BC7A380-23E9-44F3-BCCA-EBDDA1FCF142}"
EndProject
Project("{FAE04EC0-301F-11D3-BF4B-00C04F79EFBC}") = "Datacenter.Infrastructure", "Datacenter.Infrastructure\Datacenter.Infrastructure.csproj", "{4A132AC2-27A5-43E0-A965-B03B1469E539}"
EndProject
Project("{FAE04EC0-301F-11D3-BF4B-00C04F79EFBC}") = "Datacenter.Api", "Datacenter.Api\Datacenter.Api.csproj", "{9793403D-8ECB-4B2D-B2EF-8D3C5C936C40}"
EndProject
Global
	GlobalSection(SolutionConfigurationPlatforms) = preSolution
		Debug|Any CPU = Debug|Any CPU
		Debug|x64 = Debug|x64
		Debug|x86 = Debug|x86
		Release|Any CPU = Release|Any CPU
		Release|x64 = Release|x64
		Release|x86 = Release|x86
	EndGlobalSection
	GlobalSection(ProjectConfigurationPlatforms) = postSolution
		{403C23B7-C840-4640-8947-D01CEDE6FC81}.Debug|Any CPU.ActiveCfg = Debug|Any CPU
		{403C23B7-C840-4640-8947-D01CEDE6FC81}.Debug|Any CPU.Build.0 = Debug|Any CPU
		{403C23B7-C840-4640-8947-D01CEDE6FC81}.Debug|x64.ActiveCfg = Debug|Any CPU
		{403C23B7-C840-4640-8947-D01CEDE6FC81}.Debug|x64.Build.0 = Debug|Any CPU
		{403C23B7-C840-4640-8947-D01CEDE6FC81}.Debug|x86.ActiveCfg = Debug|Any CPU
		{403C23B7-C840-4640-8947-D01CEDE6FC81}.Debug|x86.Build.0 = Debug|Any CPU
		{403C23B7-C840-4640-8947-D01CEDE6FC81}.Release|Any CPU.ActiveCfg = Release|Any CPU
		{403C23B7-C840-4640-8947-D01CEDE6FC81}.Release|Any CPU.Build.0 = Release|Any CPU
		{403C23B7-C840-4640-8947-D01CEDE6FC81}.Release|x64.ActiveCfg = Release|Any CPU
		{403C23B7-C840-4640-8947-D01CEDE6FC81}.Release|x64.Build.0 = Release|Any CPU
		{403C23B7-C840-4640-8947-D01CEDE6FC81}.Release|x86.ActiveCfg = Release|Any CPU
		{403C23B7-C840-4640-8947-D01CEDE6FC81}.Release|x86.Build.0 = Release|Any CPU
		{4BC7A380-23E9-44F3-BCCA-EBDDA1FCF142}.Debug|Any CPU.ActiveCfg = Debug|Any CPU
		{4BC7A380-23E9-44F3-BCCA-EBDDA1FCF142}.Debug|Any CPU.Build.0 = Debug|Any CPU
		{4BC7A380-23E9-44F3-BCCA-EBDDA1FCF142}.Debug|x64.ActiveCfg = Debug|Any CPU
		{4BC7A380-23E9-44F3-BCCA-EBDDA1FCF142}.Debug|x64.Build.0 = Debug|Any CPU
		{4BC7A380-23E9-44F3-BCCA-EBDDA1FCF142}.Debug|x86.ActiveCfg = Debug|Any CPU
		{4BC7A380-23E9-44F3-BCCA-EBDDA1FCF142}.Debug|x86.Build.0 = Debug|Any CPU
		{4BC7A380-23E9-44F3-BCCA-EBDDA1FCF142}.Release|Any CPU.ActiveCfg = Release|Any CPU
		{4BC7A380-23E9-44F3-BCCA-EBDDA1FCF142}.Release|Any CPU.Build.0 = Release|Any CPU
		{4BC7A380-23E9-44F3-BCCA-EBDDA1FCF142}.Release|x64.ActiveCfg = Release|Any CPU
		{4BC7A380-23E9-44F3-BCCA-EBDDA1FCF142}.Release|x64.Build.0 = Release|Any CPU
		{4BC7A380-23E9-44F3-BCCA-EBDDA1FCF142}.Release|x86.ActiveCfg = Release|Any CPU
		{4BC7A380-23E9-44F3-BCCA-EBDDA1FCF142}.Release|x86.Build.0 = Release|Any CPU
		{4A132AC2-27A5-43E0-A965-B03B1469E539}.Debug|Any CPU.ActiveCfg = Debug|Any CPU
		{4A132AC2-27A5-43E0-A965-B03B1469E539}.Debug|Any CPU.Build.0 = Debug|Any CPU
		{4A132AC2-27A5-43E0-A965-B03B1469E539}.Debug|x64.ActiveCfg = Debug|Any CPU
		{4A132AC2-27A5-43E0-A965-B03B1469E539}.Debug|x64.Build.0 = Debug|Any CPU
		{4A132AC2-27A5-43E0-A965-B03B1469E539}.Debug|x86.ActiveCfg = Debug|Any CPU
		{4A132AC2-27A5-43E0-A965-B03B1469E539}.Debug|x86.Build.0 = Debug|Any CPU
		{4A132AC2-27A5-43E0-A965-B03B1469E539}.Release|Any CPU.ActiveCfg = Release|Any CPU
		{4A132AC2-27A5-43E0-A965-B03B1469E539}.Release|Any CPU.Build.0 = Release|Any CPU
		{4A132AC2-27A5-43E0-A965-B03B1469E539}.Release|x64.ActiveCfg = Release|Any CPU
		{4A132AC2-27A5-43E0-A965-B03B1469E539}.Release|x64.Build.0 = Release|Any CPU
		{4A132AC2-27A5-43E0-A965-B03B1469E539}.Release|x86.ActiveCfg = Release|Any CPU
		{4A132AC2-27A5-43E0-A965-B03B1469E539}.Release|x86.Build.0 = Release|Any CPU
		{9793403D-8ECB-4B2D-B2EF-8D3C5C936C40}.Debug|Any CPU.ActiveCfg = Debug|Any CPU
		{9793403D-8ECB-4B2D-B2EF-8D3C5C936C40}.Debug|Any CPU.Build.0 = Debug|Any CPU
		{9793403D-8ECB-4B2D-B2EF-8D3C5C936C40}.Debug|x64.ActiveCfg = Debug|Any CPU
		{9793403D-8ECB-4B2D-B2EF-8D3C5C936C40}.Debug|x64.Build.0 = Debug|Any CPU
		{9793403D-8ECB-4B2D-B2EF-8D3C5C936C40}.Debug|x86.ActiveCfg = Debug|Any CPU
		{9793403D-8ECB-4B2D-B2EF-8D3C5C936C40}.Debug|x86.Build.0 = Debug|Any CPU
		{9793403D-8ECB-4B2D-B2EF-8D3C5C936C40}.Release|Any CPU.ActiveCfg = Release|Any CPU
		{9793403D-8ECB-4B2D-B2EF-8D3C5C936C40}.Release|Any CPU.Build.0 = Release|Any CPU
		{9793403D-8ECB-4B2D-B2EF-8D3C5C936C40}.Release|x64.ActiveCfg = Release|Any CPU
		{9793403D-8ECB-4B2D-B2EF-8D3C5C936C40}.Release|x64.Build.0 = Release|Any CPU
		{9793403D-8ECB-4B2D-B2EF-8D3C5C936C40}.Release|x86.ActiveCfg = Release|Any CPU
		{9793403D-8ECB-4B2D-B2EF-8D3C5C936C40}.Release|x86.Build.0 = Release|Any CPU
	EndGlobalSection
	GlobalSection(SolutionProperties) = preSolution
		HideSolutionNode = FALSE
	EndGlobalSection
EndGlobal
